<?xml version="1.0" encoding="UTF-8" standalone="yes" ?>
<CodeBlocks_project_file>
	<FileVersion major="1" minor="6" />
	<Project>
		<Option title="moulin" />
		<Option pch_mode="2" />
		<Option compiler="gcc" />
		<Build>
			<Target title="Debug">
				<Option output="bin/Debug/moulin" prefix_auto="1" extension_auto="1" />
				<Option object_output="obj/Debug/" />
				<Option type="1" />
				<Option compiler="gcc" />
				<Compiler>
					<Add option="-g" />
				</Compiler>
			</Target>
			<Target title="Release">
				<Option output="bin/Release/moulin" prefix_auto="1" extension_auto="1" />
				<Option object_output="obj/Release/" />
				<Option type="1" />
				<Option compiler="gcc" />
				<Compiler>
					<Add option="-O2" />
				</Compiler>
				<Linker>
					<Add option="-s" />
				</Linker>
			</Target>
		</Build>
		<VirtualTargets>
			<Add alias="rel" targets="Release;" />
		</VirtualTargets>
		<Compiler>
			<Add option="-Wall" />
			<Add directory="../sdl/i686-w64-mingw32/include" />
		</Compiler>
		<Linker>
			<Add option="-lmingw32 -lws2_32 -lSDL2main -lSDL2 -lSDL2_ttf -lSDL2_image  -lSDL2_mixer" />
			<Add directory="../sdl/i686-w64-mingw32/lib" />
		</Linker>
		<Unit filename="ai.h">
			<Option target="&lt;{~None~}&gt;" />
		</Unit>
		<Unit filename="countdown.h">
			<Option target="&lt;{~None~}&gt;" />
		</Unit>
		<Unit filename="game.h">
			<Option target="&lt;{~None~}&gt;" />
		</Unit>
		<Unit filename="ini.c">
			<Option compilerVar="CC" />
		</Unit>
		<Unit filename="ini.h" />
		<Unit filename="main.c">
			<Option compilerVar="CC" />
		</Unit>
		<Unit filename="map.h">
			<Option target="&lt;{~None~}&gt;" />
		</Unit>
		<Unit filename="moulin.h">
			<Option target="&lt;{~None~}&gt;" />
		</Unit>
		<Unit filename="online.h">
			<Option target="&lt;{~None~}&gt;" />
		</Unit>
		<Unit filename="pawn.h">
			<Option target="&lt;{~None~}&gt;" />
		</Unit>
		<Unit filename="player.h">
			<Option target="&lt;{~None~}&gt;" />
		</Unit>
		<Unit filename="screen.h">
			<Option target="&lt;{~None~}&gt;" />
		</Unit>
		<Unit filename="situation.h">
			<Option target="&lt;{~None~}&gt;" />
		</Unit>
		<Unit filename="source/ai.c">
			<Option compilerVar="CC" />
			<Option compile="0" />
			<Option link="0" />
		</Unit>
		<Unit filename="source/countdown.c">
			<Option compilerVar="CC" />
			<Option compile="0" />
			<Option link="0" />
		</Unit>
		<Unit filename="source/game.c">
			<Option compilerVar="CC" />
			<Option compile="0" />
			<Option link="0" />
		</Unit>
		<Unit filename="source/map.c">
			<Option compilerVar="CC" />
			<Option compile="0" />
			<Option link="0" />
		</Unit>
		<Unit filename="source/moulin.c">
			<Option compilerVar="CC" />
			<Option compile="0" />
			<Option link="0" />
		</Unit>
		<Unit filename="source/online.c">
			<Option compilerVar="CC" />
			<Option compile="0" />
			<Option link="0" />
		</Unit>
		<Unit filename="source/pawn.c">
			<Option compilerVar="CC" />
			<Option compile="0" />
			<Option link="0" />
		</Unit>
		<Unit filename="source/player.c">
			<Option compilerVar="CC" />
			<Option compile="0" />
			<Option link="0" />
		</Unit>
		<Unit filename="source/screen.c">
			<Option compilerVar="CC" />
			<Option compile="0" />
			<Option link="0" />
		</Unit>
		<Unit filename="source/situation.c">
			<Option compilerVar="CC" />
			<Option compile="0" />
			<Option link="0" />
		</Unit>
		<Unit filename="source/sprite.c">
			<Option compilerVar="CC" />
			<Option compile="0" />
			<Option link="0" />
		</Unit>
		<Unit filename="source/square.c">
			<Option compilerVar="CC" />
			<Option compile="0" />
			<Option link="0" />
		</Unit>
		<Unit filename="source/text.c">
			<Option compilerVar="CC" />
			<Option compile="0" />
			<Option link="0" />
		</Unit>
		<Unit filename="source/vertex.c">
			<Option compilerVar="CC" />
			<Option compile="0" />
			<Option link="0" />
		</Unit>
		<Unit filename="source/widget.c">
			<Option compilerVar="CC" />
			<Option compile="0" />
			<Option link="0" />
		</Unit>
		<Unit filename="sprite.h">
			<Option target="&lt;{~None~}&gt;" />
		</Unit>
		<Unit filename="text.h">
			<Option target="&lt;{~None~}&gt;" />
		</Unit>
		<Unit filename="vertex.h">
			<Option target="&lt;{~None~}&gt;" />
		</Unit>
		<Unit filename="widget.h">
			<Option target="&lt;{~None~}&gt;" />
		</Unit>
		<Extensions>
			<code_completion />
			<envvars />
			<debugger />
		</Extensions>
	</Project>
</CodeBlocks_project_file>
